
Microsoft Visual Studio Solution File, Format Version 12.00
# Visual Studio Version 16
VisualStudioVersion = 16.0.30717.126
MinimumVisualStudioVersion = 10.0.40219.1
Project("{FAE04EC0-301F-11D3-BF4B-00C04F79EFBC}") = "PersonelTakip", "PersonelTakip\PersonelTakip.csproj", "{CE7A40B7-7FAE-48A4-8B94-1F09665F7E8B}"
EndProject
Global
	GlobalSection(SolutionConfigurationPlatforms) = preSolution
		Debug|Any CPU = Debug|Any CPU
		Release|Any CPU = Release|Any CPU
	EndGlobalSection
	GlobalSection(ProjectConfigurationPlatforms) = postSolution
		{CE7A40B7-7FAE-48A4-8B94-1F09665F7E8B}.Debug|Any CPU.ActiveCfg = Debug|Any CPU
		{CE7A40B7-7FAE-48A4-8B94-1F09665F7E8B}.Debug|Any CPU.Build.0 = Debug|Any CPU
		{CE7A40B7-7FAE-48A4-8B94-1F09665F7E8B}.Release|Any CPU.ActiveCfg = Release|Any CPU
		{CE7A40B7-7FAE-48A4-8B94-1F09665F7E8B}.Release|Any CPU.Build.0 = Release|Any CPU
	EndGlobalSection
	GlobalSection(SolutionProperties) = preSolution
		HideSolutionNode = FALSE
	EndGlobalSection
	GlobalSection(ExtensibilityGlobals) = postSolution
		SolutionGuid = {2590DAFF-8DE5-4AAD-9A99-5239A9495DA4}
	EndGlobalSection
EndGlobal
